github.com/Snawoot/maphash v0.0.0-20250508122243-aa886187614d h1:ixMJqMMhr4EEULL7D2mvRmXWNQpBMl3kDOPHugn2Oxs=
github.com/Snawoot/maphash v0.0.0-20250508122243-aa886187614d/go.mod h1:woMCawH6Oi8C7dzdd54jWN2rkpXPegLwiWr3XZIxXDs=
github.com/Snawoot/unicmp v0.1.0 h1:ZCQVte9Lb4gP9gA2ktQG1IeY21VVQnjfO8Ho5tPrBHw=
github.com/Snawoot/unicmp v0.1.0/go.mod h1:gqVwjUneumJT/9Sr7lh3jnuAtgJdN6xNLs0CBah8Q8Q=
github.com/Snawoot/uniqueslice v0.1.1 h1:KEfv3FtAXiNEoxvcc79pFQDhnqwYXQyZIkxOM4e/qpw=
github.com/Snawoot/uniqueslice v0.1.1/go.mod h1:K9zIaHO43FGLHbqm6WCDFeY6+CN/du5eiio/vxvDVC8=
